lockfileVersion: '9.0'

settings:
  autoInstallPeers: true
  excludeLinksFromLockfile: false

importers:

  .:
    devDependencies:
      marked:
        specifier: ^18.0.1
        version: 18.0.2

packages:

  marked@18.0.2:
    resolution: {integrity: sha512-NsmlUYBS/Zg57rgDWMYdnre6OTj4e+qq/JS2ot3KrYLSoHLw+sDu0Nm1ZGpRgYAq6c+b1ekaY5NzVchMCQnzcg==}
    engines: {node: '>= 20'}
    hasBin: true

snapshots:

  marked@18.0.2: {}
